
Microsoft Visual Studio Solution File, Format Version 12.00
# Visual Studio Version 16
VisualStudioVersion = 16.0.29926.136
MinimumVisualStudioVersion = 10.0.40219.1
Project("{FAE04EC0-301F-11D3-BF4B-00C04F79EFBC}") = "Drinks", "Drinks\Drinks.csproj", "{08517D5D-BAE8-41B2-9A7E-1946EB8FFA9F}"
EndProject
Global
	GlobalSection(SolutionConfigurationPlatforms) = preSolution
		Debug|Any CPU = Debug|Any CPU
		Release|Any CPU = Release|Any CPU
	EndGlobalSection
	GlobalSection(ProjectConfigurationPlatforms) = postSolution
		{08517D5D-BAE8-41B2-9A7E-1946EB8FFA9F}.Debug|Any CPU.ActiveCfg = Debug|Any CPU
		{08517D5D-BAE8-41B2-9A7E-1946EB8FFA9F}.Debug|Any CPU.Build.0 = Debug|Any CPU
		{08517D5D-BAE8-41B2-9A7E-1946EB8FFA9F}.Release|Any CPU.ActiveCfg = Release|Any CPU
		{08517D5D-BAE8-41B2-9A7E-1946EB8FFA9F}.Release|Any CPU.Build.0 = Release|Any CPU
	EndGlobalSection
	GlobalSection(SolutionProperties) = preSolution
		HideSolutionNode = FALSE
	EndGlobalSection
	GlobalSection(ExtensibilityGlobals) = postSolution
		SolutionGuid = {3D64E591-E997-41B0-8733-DCA0DA58DE94}
	EndGlobalSection
EndGlobal
